
Microsoft Visual Studio Solution File, Format Version 12.00
# Visual Studio Version 18
VisualStudioVersion = 18.6.11822.322 stable
MinimumVisualStudioVersion = 10.0.40219.1
Project("{FAE04EC0-301F-11D3-BF4B-00C04F79EFBC}") = "MYCV.API", "MYCV.API\MYCV.API.csproj", "{C8555BF8-165E-4207-92EE-00903FC8D4BC}"
EndProject
Project("{FAE04EC0-301F-11D3-BF4B-00C04F79EFBC}") = "MYCV.Domain", "MYCV.Domain\MYCV.Domain.csproj", "{49C6A420-19E1-4636-BC0D-C79FFA4B9625}"
EndProject
Project("{FAE04EC0-301F-11D3-BF4B-00C04F79EFBC}") = "MYCV.Application", "MYCV.Application\MYCV.Application.csproj", "{95BA882C-DF52-4660-871D-18C96B56443B}"
EndProject
Project("{FAE04EC0-301F-11D3-BF4B-00C04F79EFBC}") = "MYCV.Infrastructure", "MYCV.Infrastructure\MYCV.Infrastructure.csproj", "{08339831-9111-4DE6-B8B3-46ADE0D7ED4C}"
EndProject
Project("{FAE04EC0-301F-11D3-BF4B-00C04F79EFBC}") = "MYCV.Web", "MYCV.Web\MYCV.Web.csproj", "{B1FFF54D-3A04-40E3-B274-15B22D86C3DA}"
EndProject
Project("{FAE04EC0-301F-11D3-BF4B-00C04F79EFBC}") = "MYCV.Shared", "MYCV.Shared\MYCV.Shared.csproj", "{0BD03511-EE9C-4CAC-B652-2873E61633F6}"
EndProject
Global
	GlobalSection(SolutionConfigurationPlatforms) = preSolution
		Debug|Any CPU = Debug|Any CPU
		Release|Any CPU = Release|Any CPU
	EndGlobalSection
	GlobalSection(ProjectConfigurationPlatforms) = postSolution
		{C8555BF8-165E-4207-92EE-00903FC8D4BC}.Debug|Any CPU.ActiveCfg = Debug|Any CPU
		{C8555BF8-165E-4207-92EE-00903FC8D4BC}.Debug|Any CPU.Build.0 = Debug|Any CPU
		{C8555BF8-165E-4207-92EE-00903FC8D4BC}.Release|Any CPU.ActiveCfg = Release|Any CPU
		{C8555BF8-165E-4207-92EE-00903FC8D4BC}.Release|Any CPU.Build.0 = Release|Any CPU
		{49C6A420-19E1-4636-BC0D-C79FFA4B9625}.Debug|Any CPU.ActiveCfg = Debug|Any CPU
		{49C6A420-19E1-4636-BC0D-C79FFA4B9625}.Debug|Any CPU.Build.0 = Debug|Any CPU
		{49C6A420-19E1-4636-BC0D-C79FFA4B9625}.Release|Any CPU.ActiveCfg = Release|Any CPU
		{49C6A420-19E1-4636-BC0D-C79FFA4B9625}.Release|Any CPU.Build.0 = Release|Any CPU
		{95BA882C-DF52-4660-871D-18C96B56443B}.Debug|Any CPU.ActiveCfg = Debug|Any CPU
		{95BA882C-DF52-4660-871D-18C96B56443B}.Debug|Any CPU.Build.0 = Debug|Any CPU
		{95BA882C-DF52-4660-871D-18C96B56443B}.Release|Any CPU.ActiveCfg = Release|Any CPU
		{95BA882C-DF52-4660-871D-18C96B56443B}.Release|Any CPU.Build.0 = Release|Any CPU
		{08339831-9111-4DE6-B8B3-46ADE0D7ED4C}.Debug|Any CPU.ActiveCfg = Debug|Any CPU
		{08339831-9111-4DE6-B8B3-46ADE0D7ED4C}.Debug|Any CPU.Build.0 = Debug|Any CPU
		{08339831-9111-4DE6-B8B3-46ADE0D7ED4C}.Release|Any CPU.ActiveCfg = Release|Any CPU
		{08339831-9111-4DE6-B8B3-46ADE0D7ED4C}.Release|Any CPU.Build.0 = Release|Any CPU
		{B1FFF54D-3A04-40E3-B274-15B22D86C3DA}.Debug|Any CPU.ActiveCfg = Debug|Any CPU
		{B1FFF54D-3A04-40E3-B274-15B22D86C3DA}.Debug|Any CPU.Build.0 = Debug|Any CPU
		{B1FFF54D-3A04-40E3-B274-15B22D86C3DA}.Release|Any CPU.ActiveCfg = Release|Any CPU
		{B1FFF54D-3A04-40E3-B274-15B22D86C3DA}.Release|Any CPU.Build.0 = Release|Any CPU
		{0BD03511-EE9C-4CAC-B652-2873E61633F6}.Debug|Any CPU.ActiveCfg = Debug|Any CPU
		{0BD03511-EE9C-4CAC-B652-2873E61633F6}.Debug|Any CPU.Build.0 = Debug|Any CPU
		{0BD03511-EE9C-4CAC-B652-2873E61633F6}.Release|Any CPU.ActiveCfg = Release|Any CPU
		{0BD03511-EE9C-4CAC-B652-2873E61633F6}.Release|Any CPU.Build.0 = Release|Any CPU
	EndGlobalSection
	GlobalSection(SolutionProperties) = preSolution
		HideSolutionNode = FALSE
	EndGlobalSection
	GlobalSection(ExtensibilityGlobals) = postSolution
		SolutionGuid = {FE9712A5-6664-4F13-BCAF-1886DB6DE489}
	EndGlobalSection
EndGlobal
